// !$*UTF8*$!
{
	archiveVersion = 1;
	classes = {
	};
	objectVersion = 50;
	objects = {

/* Begin PBXBuildFile section */
		16231DD220B1AFC400880595 /* AppDelegate.m in Sources */ = {isa = PBXBuildFile; fileRef = 16231DD120B1AFC400880595 /* AppDelegate.m */; };
		16231DD820B1AFC400880595 /* Main.storyboard in Resources */ = {isa = PBXBuildFile; fileRef = 16231DD620B1AFC400880595 /* Main.storyboard */; };
		16231DDA20B1AFC600880595 /* Assets.xcassets in Resources */ = {isa = PBXBuildFile; fileRef = 16231DD920B1AFC600880595 /* Assets.xcassets */; };
		16231DDD20B1AFC600880595 /* LaunchScreen.storyboard in Resources */ = {isa = PBXBuildFile; fileRef = 16231DDB20B1AFC600880595 /* LaunchScreen.storyboard */; };
		16231DE020B1AFC600880595 /* main.m in Sources */ = {isa = PBXBuildFile; fileRef = 16231DDF20B1AFC600880595 /* main.m */; };
		16231DE820B1B02800880595 /* Contact.m in Sources */ = {isa = PBXBuildFile; fileRef = 16231DE720B1B02800880595 /* Contact.m */; };
		16231DEB20B1B0E900880595 /* ContactsViewController.m in Sources */ = {isa = PBXBuildFile; fileRef = 16231DEA20B1B0E900880595 /* ContactsViewController.m */; };
		16231DED20B1B11300880595 /* contacts.json in Resources */ = {isa = PBXBuildFile; fileRef = 16231DEC20B1B11300880595 /* contacts.json */; };
		16231DF020B1BDDB00880595 /* ContactDetailViewController.m in Sources */ = {isa = PBXBuildFile; fileRef = 16231DEF20B1BDDB00880595 /* ContactDetailViewController.m */; };
/* End PBXBuildFile section */

/* Begin PBXFileReference section */
		16231DCD20B1AFC400880595 /* Contacts.app */ = {isa = PBXFileReference; explicitFileType = wrapper.application; includeInIndex = 0; path = Contacts.app; sourceTree = BUILT_PRODUCTS_DIR; };
		16231DD020B1AFC400880595 /* AppDelegate.h */ = {isa = PBXFileReference; lastKnownFileType = sourcecode.c.h; path = AppDelegate.h; sourceTree = "<group>"; };
		16231DD120B1AFC400880595 /* AppDelegate.m */ = {isa = PBXFileReference; lastKnownFileType = sourcecode.c.objc; path = AppDelegate.m; sourceTree = "<group>"; };
		16231DD720B1AFC400880595 /* Base */ = {isa = PBXFileReference; lastKnownFileType = file.storyboard; name = Base; path = Base.lproj/Main.storyboard; sourceTree = "<group>"; };
		16231DD920B1AFC600880595 /* Assets.xcassets */ = {isa = PBXFileReference; lastKnownFileType = folder.assetcatalog; path = Assets.xcassets; sourceTree = "<group>"; };
		16231DDC20B1AFC600880595 /* Base */ = {isa = PBXFileReference; lastKnownFileType = file.storyboard; name = Base; path = Base.lproj/LaunchScreen.storyboard; sourceTree = "<group>"; };
		16231DDE20B1AFC600880595 /* Info.plist */ = {isa = PBXFileReference; lastKnownFileType = text.plist.xml; path = Info.plist; sourceTree = "<group>"; };
		16231DDF20B1AFC600880595 /* main.m */ = {isa = PBXFileReference; lastKnownFileType = sourcecode.c.objc; path = main.m; sourceTree = "<group>"; };
		16231DE620B1B02800880595 /* Contact.h */ = {isa = PBXFileReference; lastKnownFileType = sourcecode.c.h; path = Contact.h; sourceTree = "<group>"; };
		16231DE720B1B02800880595 /* Contact.m */ = {isa = PBXFileReference; lastKnownFileType = sourcecode.c.objc; path = Contact.m; sourceTree = "<group>"; };
		16231DE920B1B0E900880595 /* ContactsViewController.h */ = {isa = PBXFileReference; lastKnownFileType = sourcecode.c.h; path = ContactsViewController.h; sourceTree = "<group>"; };
		16231DEA20B1B0E900880595 /* ContactsViewController.m */ = {isa = PBXFileReference; lastKnownFileType = sourcecode.c.objc; path = ContactsViewController.m; sourceTree = "<group>"; };
		16231DEC20B1B11300880595 /* contacts.json */ = {isa = PBXFileReference; fileEncoding = 4; lastKnownFileType = text.json; path = contacts.json; sourceTree = "<group>"; };
		16231DEE20B1BDDB00880595 /* ContactDetailViewController.h */ = {isa = PBXFileReference; lastKnownFileType = sourcecode.c.h; path = ContactDetailViewController.h; sourceTree = "<group>"; };
		16231DEF20B1BDDB00880595 /* ContactDetailViewController.m */ = {isa = PBXFileReference; lastKnownFileType = sourcecode.c.objc; path = ContactDetailViewController.m; sourceTree = "<group>"; };
/* End PBXFileReference section */

/* Begin PBXFrameworksBuildPhase section */
		16231DCA20B1AFC300880595 /* Frameworks */ = {
			isa = PBXFrameworksBuildPhase;
			buildActionMask = 2147483647;
			files = (
			);
			runOnlyForDeploymentPostprocessing = 0;
		};
/* End PBXFrameworksBuildPhase section */

/* Begin PBXGroup section */
		16231DC420B1AFC300880595 = {
			isa = PBXGroup;
			children = (
				16231DCF20B1AFC400880595 /* Contacts */,
				16231DCE20B1AFC400880595 /* Products */,
			);
			sourceTree = "<group>";
		};
		16231DCE20B1AFC400880595 /* Products */ = {
			isa = PBXGroup;
			children = (
				16231DCD20B1AFC400880595 /* Contacts.app */,
			);
			name = Products;
			sourceTree = "<group>";
		};
		16231DCF20B1AFC400880595 /* Contacts */ = {
			isa = PBXGroup;
			children = (
				16231DD020B1AFC400880595 /* AppDelegate.h */,
				16231DD120B1AFC400880595 /* AppDelegate.m */,
				16231DE620B1B02800880595 /* Contact.h */,
				16231DE720B1B02800880595 /* Contact.m */,
				16231DE920B1B0E900880595 /* ContactsViewController.h */,
				16231DEA20B1B0E900880595 /* ContactsViewController.m */,
				16231DEE20B1BDDB00880595 /* ContactDetailViewController.h */,
				16231DEF20B1BDDB00880595 /* ContactDetailViewController.m */,
				16231DD620B1AFC400880595 /* Main.storyboard */,
				16231DD920B1AFC600880595 /* Assets.xcassets */,
				16231DDB20B1AFC600880595 /* LaunchScreen.storyboard */,
				16231DDE20B1AFC600880595 /* Info.plist */,
				16231DEC20B1B11300880595 /* contacts.json */,
				16231DDF20B1AFC600880595 /* main.m */,
			);
			path = Contacts;
			sourceTree = "<group>";
		};
/* End PBXGroup section */

/* Begin PBXNativeTarget section */
		16231DCC20B1AFC300880595 /* Contacts */ = {
			isa = PBXNativeTarget;
			buildConfigurationList = 16231DE320B1AFC600880595 /* Build configuration list for PBXNativeTarget "Contacts" */;
			buildPhases = (
				16231DC920B1AFC300880595 /* Sources */,
				16231DCA20B1AFC300880595 /* Frameworks */,
				16231DCB20B1AFC300880595 /* Resources */,
			);
			buildRules = (
			);
			dependencies = (
			);
			name = Contacts;
			productName = Contacts1;
			productReference = 16231DCD20B1AFC400880595 /* Contacts.app */;
			productType = "com.apple.product-type.application";
		};
/* End PBXNativeTarget section */

/* Begin PBXProject section */
		16231DC520B1AFC300880595 /* Project object */ = {
			isa = PBXProject;
			attributes = {
				LastUpgradeCheck = 0930;
				ORGANIZATIONNAME = "Sneeze & Cookie, LLC";
				TargetAttributes = {
					16231DCC20B1AFC300880595 = {
						CreatedOnToolsVersion = 9.3;
					};
				};
			};
			buildConfigurationList = 16231DC820B1AFC300880595 /* Build configuration list for PBXProject "Contacts" */;
			compatibilityVersion = "Xcode 9.3";
			developmentRegion = en;
			hasScannedForEncodings = 0;
			knownRegions = (
				en,
				Base,
			);
			mainGroup = 16231DC420B1AFC300880595;
			productRefGroup = 16231DCE20B1AFC400880595 /* Products */;
			projectDirPath = "";
			projectRoot = "";
			targets = (
				16231DCC20B1AFC300880595 /* Contacts */,
			);
		};
/* End PBXProject section */

/* Begin PBXResourcesBuildPhase section */
		16231DCB20B1AFC300880595 /* Resources */ = {
			isa = PBXResourcesBuildPhase;
			buildActionMask = 2147483647;
			files = (
				16231DED20B1B11300880595 /* contacts.json in Resources */,
				16231DDD20B1AFC600880595 /* LaunchScreen.storyboard in Resources */,
				16231DDA20B1AFC600880595 /* Assets.xcassets in Resources */,
				16231DD820B1AFC400880595 /* Main.storyboard in Resources */,
			);
			runOnlyForDeploymentPostprocessing = 0;
		};
/* End PBXResourcesBuildPhase section */

/* Begin PBXSourcesBuildPhase section */
		16231DC920B1AFC300880595 /* Sources */ = {
			isa = PBXSourcesBuildPhase;
			buildActionMask = 2147483647;
			files = (
				16231DE820B1B02800880595 /* Contact.m in Sources */,
				16231DEB20B1B0E900880595 /* ContactsViewController.m in Sources */,
				16231DE020B1AFC600880595 /* main.m in Sources */,
				16231DD220B1AFC400880595 /* AppDelegate.m in Sources */,
				16231DF020B1BDDB00880595 /* ContactDetailViewController.m in Sources */,
			);
			runOnlyForDeploymentPostprocessing = 0;
		};
/* End PBXSourcesBuildPhase section */

/* Begin PBXVariantGroup section */
		16231DD620B1AFC400880595 /* Main.storyboard */ = {
			isa = PBXVariantGroup;
			children = (
				16231DD720B1AFC400880595 /* Base */,
			);
			name = Main.storyboard;
			sourceTree = "<group>";
		};
		16231DDB20B1AFC600880595 /* LaunchScreen.storyboard */ = {
			isa = PBXVariantGroup;
			children = (
				16231DDC20B1AFC600880595 /* Base */,
			);
			name = LaunchScreen.storyboard;
			sourceTree = "<group>";
		};
/* End PBXVariantGroup section */

/* Begin XCBuildConfiguration section */
		16231DE120B1AFC600880595 /* Debug */ = {
			isa = XCBuildConfiguration;
			buildSettings = {
				ALWAYS_SEARCH_USER_PATHS = NO;
				CLANG_ANALYZER_NONNULL = YES;
				CLANG_ANALYZER_NUMBER_OBJECT_CONVERSION = YES_AGGRESSIVE;
				CLANG_CXX_LANGUAGE_STANDARD = "gnu++14";
				CLANG_CXX_LIBRARY = "libc++";
				CLANG_ENABLE_MODULES = YES;
				CLANG_ENABLE_OBJC_ARC = YES;
				CLANG_ENABLE_OBJC_WEAK = YES;
				CLANG_WARN_BLOCK_CAPTURE_AUTORELEASING = YES;
				CLANG_WARN_BOOL_CONVERSION = YES;
				CLANG_WARN_COMMA = YES;
				CLANG_WARN_CONSTANT_CONVERSION = YES;
				CLANG_WARN_DEPRECATED_OBJC_IMPLEMENTATIONS = YES;
				CLANG_WARN_DIRECT_OBJC_ISA_USAGE = YES_ERROR;
				CLANG_WARN_DOCUMENTATION_COMMENTS = YES;
				CLANG_WARN_EMPTY_BODY = YES;
				CLANG_WARN_ENUM_CONVERSION = YES;
				CLANG_WARN_INFINITE_RECURSION = YES;
				CLANG_WARN_INT_CONVERSION = YES;
				CLANG_WARN_NON_LITERAL_NULL_CONVERSION = YES;
				CLANG_WARN_OBJC_IMPLICIT_RETAIN_SELF = YES;
				CLANG_WARN_OBJC_LITERAL_CONVERSION = YES;
				CLANG_WARN_OBJC_ROOT_CLASS = YES_ERROR;
				CLANG_WARN_RANGE_LOOP_ANALYSIS = YES;
				CLANG_WARN_STRICT_PROTOTYPES = YES;
				CLANG_WARN_SUSPICIOUS_MOVE = YES;
				CLANG_WARN_UNGUARDED_AVAILABILITY = YES_AGGRESSIVE;
				CLANG_WARN_UNREACHABLE_CODE = YES;
				CLANG_WARN__DUPLICATE_METHOD_MATCH = YES;
				CODE_SIGN_IDENTITY = "iPhone Developer";
				COPY_PHASE_STRIP = NO;
				DEBUG_INFORMATION_FORMAT = dwarf;
				ENABLE_STRICT_OBJC_MSGSEND = YES;
				ENABLE_TESTABILITY = YES;
				GCC_C_LANGUAGE_STANDARD = gnu11;
				GCC_DYNAMIC_NO_PIC = NO;
				GCC_NO_COMMON_BLOCKS = YES;
				GCC_OPTIMIZATION_LEVEL = 0;
				GCC_PREPROCESSOR_DEFINITIONS = (
					"DEBUG=1",
					"$(inherited)",
				);
				GCC_WARN_64_TO_32_BIT_CONVERSION = YES;
				GCC_WARN_ABOUT_RETURN_TYPE = YES_ERROR;
				GCC_WARN_UNDECLARED_SELECTOR = YES;
				GCC_WARN_UNINITIALIZED_AUTOS = YES_AGGRESSIVE;
				GCC_WARN_UNUSED_FUNCTION = YES;
				GCC_WARN_UNUSED_VARIABLE = YES;
				IPHONEOS_DEPLOYMENT_TARGET = 11.3;
				MTL_ENABLE_DEBUG_INFO = YES;
				ONLY_ACTIVE_ARCH = YES;
				SDKROOT = iphoneos;
			};
			name = Debug;
		};
		16231DE220B1AFC600880595 /* Release */ = {
			isa = XCBuildConfiguration;
			buildSettings = {
				ALWAYS_SEARCH_USER_PATHS = NO;
				CLANG_ANALYZER_NONNULL = YES;
				CLANG_ANALYZER_NUMBER_OBJECT_CONVERSION = YES_AGGRESSIVE;
				CLANG_CXX_LANGUAGE_STANDARD = "gnu++14";
				CLANG_CXX_LIBRARY = "libc++";
				CLANG_ENABLE_MODULES = YES;
				CLANG_ENABLE_OBJC_ARC = YES;
				CLANG_ENABLE_OBJC_WEAK = YES;
				CLANG_WARN_BLOCK_CAPTURE_AUTORELEASING = YES;
				CLANG_WARN_BOOL_CONVERSION = YES;
				CLANG_WARN_COMMA = YES;
				CLANG_WARN_CONSTANT_CONVERSION = YES;
				CLANG_WARN_DEPRECATED_OBJC_IMPLEMENTATIONS = YES;
				CLANG_WARN_DIRECT_OBJC_ISA_USAGE = YES_ERROR;
				CLANG_WARN_DOCUMENTATION_COMMENTS = YES;
				CLANG_WARN_EMPTY_BODY = YES;
				CLANG_WARN_ENUM_CONVERSION = YES;
				CLANG_WARN_INFINITE_RECURSION = YES;
				CLANG_WARN_INT_CONVERSION = YES;
				CLANG_WARN_NON_LITERAL_NULL_CONVERSION = YES;
				CLANG_WARN_OBJC_IMPLICIT_RETAIN_SELF = YES;
				CLANG_WARN_OBJC_LITERAL_CONVERSION = YES;
				CLANG_WARN_OBJC_ROOT_CLASS = YES_ERROR;
				CLANG_WARN_RANGE_LOOP_ANALYSIS = YES;
				CLANG_WARN_STRICT_PROTOTYPES = YES;
				CLANG_WARN_SUSPICIOUS_MOVE = YES;
				CLANG_WARN_UNGUARDED_AVAILABILITY = YES_AGGRESSIVE;
				CLANG_WARN_UNREACHABLE_CODE = YES;
				CLANG_WARN__DUPLICATE_METHOD_MATCH = YES;
				CODE_SIGN_IDENTITY = "iPhone Developer";
				COPY_PHASE_STRIP = NO;
				DEBUG_INFORMATION_FORMAT = "dwarf-with-dsym";
				ENABLE_NS_ASSERTIONS = NO;
				ENABLE_STRICT_OBJC_MSGSEND = YES;
				GCC_C_LANGUAGE_STANDARD = gnu11;
				GCC_NO_COMMON_BLOCKS = YES;
				GCC_WARN_64_TO_32_BIT_CONVERSION = YES;
				GCC_WARN_ABOUT_RETURN_TYPE = YES_ERROR;
				GCC_WARN_UNDECLARED_SELECTOR = YES;
				GCC_WARN_UNINITIALIZED_AUTOS = YES_AGGRESSIVE;
				GCC_WARN_UNUSED_FUNCTION = YES;
				GCC_WARN_UNUSED_VARIABLE = YES;
				IPHONEOS_DEPLOYMENT_TARGET = 11.3;
				MTL_ENABLE_DEBUG_INFO = NO;
				SDKROOT = iphoneos;
				VALIDATE_PRODUCT = YES;
			};
			name = Release;
		};
		16231DE420B1AFC600880595 /* Debug */ = {
			isa = XCBuildConfiguration;
			buildSettings = {
				ASSETCATALOG_COMPILER_APPICON_NAME = AppIcon;
				CODE_SIGN_STYLE = Automatic;
				DEVELOPMENT_TEAM = 8V6LJ95253;
				INFOPLIST_FILE = "$(SRCROOT)/Contacts/Info.plist";
				LD_RUNPATH_SEARCH_PATHS = (
					"$(inherited)",
					"@executable_path/Frameworks",
				);
				PRODUCT_BUNDLE_IDENTIFIER = com.sneezecookie.Contacts;
				PRODUCT_NAME = "$(TARGET_NAME)";
				TARGETED_DEVICE_FAMILY = 1;
			};
			name = Debug;
		};
		16231DE520B1AFC600880595 /* Release */ = {
			isa = XCBuildConfiguration;
			buildSettings = {
				ASSETCATALOG_COMPILER_APPICON_NAME = AppIcon;
				CODE_SIGN_STYLE = Automatic;
				DEVELOPMENT_TEAM = 8V6LJ95253;
				INFOPLIST_FILE = "$(SRCROOT)/Contacts/Info.plist";
				LD_RUNPATH_SEARCH_PATHS = (
					"$(inherited)",
					"@executable_path/Frameworks",
				);
				PRODUCT_BUNDLE_IDENTIFIER = com.sneezecookie.Contacts;
				PRODUCT_NAME = "$(TARGET_NAME)";
				TARGETED_DEVICE_FAMILY = 1;
			};
			name = Release;
		};
/* End XCBuildConfiguration section */

/* Begin XCConfigurationList section */
		16231DC820B1AFC300880595 /* Build configuration list for PBXProject "Contacts" */ = {
			isa = XCConfigurationList;
			buildConfigurations = (
				16231DE120B1AFC600880595 /* Debug */,
				16231DE220B1AFC600880595 /* Release */,
			);
			defaultConfigurationIsVisible = 0;
			defaultConfigurationName = Release;
		};
		16231DE320B1AFC600880595 /* Build configuration list for PBXNativeTarget "Contacts" */ = {
			isa = XCConfigurationList;
			buildConfigurations = (
				16231DE420B1AFC600880595 /* Debug */,
				16231DE520B1AFC600880595 /* Release */,
			);
			defaultConfigurationIsVisible = 0;
			defaultConfigurationName = Release;
		};
/* End XCConfigurationList section */
	};
	rootObject = 16231DC520B1AFC300880595 /* Project object */;
}
